
Microsoft Visual Studio Solution File, Format Version 12.00
# Visual Studio 15
VisualStudioVersion = 15.0.27428.2027
MinimumVisualStudioVersion = 10.0.40219.1
Project("{FAE04EC0-301F-11D3-BF4B-00C04F79EFBC}") = "AssemblySoft.WonkaTasks", "AssemblySoft.WonkaTasks\AssemblySoft.WonkaTasks.csproj", "{4F3EA0D0-BCC2-45E5-8E93-E23F38756B8E}"
EndProject
Project("{FAE04EC0-301F-11D3-BF4B-00C04F79EFBC}") = "AssemblySoft.WonkaTasks.UnitTests", "AssemblySoft.WonkaTasks.UnitTests\AssemblySoft.WonkaTasks.UnitTests.csproj", "{D5AB06BA-2C79-472A-8F4D-C23BC4A5BEE7}"
EndProject
Global
	GlobalSection(SolutionConfigurationPlatforms) = preSolution
		Debug|Any CPU = Debug|Any CPU
		Release|Any CPU = Release|Any CPU
	EndGlobalSection
	GlobalSection(ProjectConfigurationPlatforms) = postSolution
		{4F3EA0D0-BCC2-45E5-8E93-E23F38756B8E}.Debug|Any CPU.ActiveCfg = Debug|Any CPU
		{4F3EA0D0-BCC2-45E5-8E93-E23F38756B8E}.Debug|Any CPU.Build.0 = Debug|Any CPU
		{4F3EA0D0-BCC2-45E5-8E93-E23F38756B8E}.Release|Any CPU.ActiveCfg = Release|Any CPU
		{4F3EA0D0-BCC2-45E5-8E93-E23F38756B8E}.Release|Any CPU.Build.0 = Release|Any CPU
		{D5AB06BA-2C79-472A-8F4D-C23BC4A5BEE7}.Debug|Any CPU.ActiveCfg = Debug|Any CPU
		{D5AB06BA-2C79-472A-8F4D-C23BC4A5BEE7}.Debug|Any CPU.Build.0 = Debug|Any CPU
		{D5AB06BA-2C79-472A-8F4D-C23BC4A5BEE7}.Release|Any CPU.ActiveCfg = Release|Any CPU
		{D5AB06BA-2C79-472A-8F4D-C23BC4A5BEE7}.Release|Any CPU.Build.0 = Release|Any CPU
	EndGlobalSection
	GlobalSection(SolutionProperties) = preSolution
		HideSolutionNode = FALSE
	EndGlobalSection
	GlobalSection(ExtensibilityGlobals) = postSolution
		SolutionGuid = {B0B03467-4800-4A80-828B-DCE9B803F924}
	EndGlobalSection
EndGlobal
